
Microsoft Visual Studio Solution File, Format Version 12.00
# Visual Studio Version 16
VisualStudioVersion = 16.0.32002.261
MinimumVisualStudioVersion = 10.0.40219.1
Project("{FAE04EC0-301F-11D3-BF4B-00C04F79EFBC}") = "RainfallCalculations", "RainfallCalculations\RainfallCalculations.csproj", "{B3411533-9641-431B-BA71-8EC7B71BAC23}"
EndProject
Global
	GlobalSection(SolutionConfigurationPlatforms) = preSolution
		Debug|Any CPU = Debug|Any CPU
		Release|Any CPU = Release|Any CPU
	EndGlobalSection
	GlobalSection(ProjectConfigurationPlatforms) = postSolution
		{B3411533-9641-431B-BA71-8EC7B71BAC23}.Debug|Any CPU.ActiveCfg = Debug|Any CPU
		{B3411533-9641-431B-BA71-8EC7B71BAC23}.Debug|Any CPU.Build.0 = Debug|Any CPU
		{B3411533-9641-431B-BA71-8EC7B71BAC23}.Release|Any CPU.ActiveCfg = Release|Any CPU
		{B3411533-9641-431B-BA71-8EC7B71BAC23}.Release|Any CPU.Build.0 = Release|Any CPU
	EndGlobalSection
	GlobalSection(SolutionProperties) = preSolution
		HideSolutionNode = FALSE
	EndGlobalSection
	GlobalSection(ExtensibilityGlobals) = postSolution
		SolutionGuid = {E811DB31-2A6F-4766-8DD5-BAA6FB45AB0D}
	EndGlobalSection
EndGlobal
